
Microsoft Visual Studio Solution File, Format Version 12.00
# Visual Studio Version 16
VisualStudioVersion = 16.0.31605.320
MinimumVisualStudioVersion = 10.0.40219.1
Project("{FAE04EC0-301F-11D3-BF4B-00C04F79EFBC}") = "Elementos Basicos 2", "Elementos Basicos 2\Elementos Basicos 2.csproj", "{999861B6-CA6D-459B-81FA-80B25495F0E6}"
EndProject
Global
	GlobalSection(SolutionConfigurationPlatforms) = preSolution
		Debug|Any CPU = Debug|Any CPU
		Release|Any CPU = Release|Any CPU
	EndGlobalSection
	GlobalSection(ProjectConfigurationPlatforms) = postSolution
		{999861B6-CA6D-459B-81FA-80B25495F0E6}.Debug|Any CPU.ActiveCfg = Debug|Any CPU
		{999861B6-CA6D-459B-81FA-80B25495F0E6}.Debug|Any CPU.Build.0 = Debug|Any CPU
		{999861B6-CA6D-459B-81FA-80B25495F0E6}.Release|Any CPU.ActiveCfg = Release|Any CPU
		{999861B6-CA6D-459B-81FA-80B25495F0E6}.Release|Any CPU.Build.0 = Release|Any CPU
	EndGlobalSection
	GlobalSection(SolutionProperties) = preSolution
		HideSolutionNode = FALSE
	EndGlobalSection
	GlobalSection(ExtensibilityGlobals) = postSolution
		SolutionGuid = {C3D732CD-D980-47DB-A20A-1A10ABAEC0AA}
	EndGlobalSection
EndGlobal
